
Microsoft Visual Studio Solution File, Format Version 12.00
# Visual Studio Version 16
VisualStudioVersion = 16.0.31129.286
MinimumVisualStudioVersion = 10.0.40219.1
Project("{FAE04EC0-301F-11D3-BF4B-00C04F79EFBC}") = "Nitre", "Nitre\Nitre.csproj", "{DEECEBD1-B718-4504-BA93-126682A0F05B}"
EndProject
Project("{FAE04EC0-301F-11D3-BF4B-00C04F79EFBC}") = "Nitre.Tests", "Nitre.Tests\Nitre.Tests.csproj", "{F2AF13C3-20DF-4269-8077-140BA4A51587}"
EndProject
Global
	GlobalSection(SolutionConfigurationPlatforms) = preSolution
		Debug|Any CPU = Debug|Any CPU
		Release|Any CPU = Release|Any CPU
	EndGlobalSection
	GlobalSection(ProjectConfigurationPlatforms) = postSolution
		{DEECEBD1-B718-4504-BA93-126682A0F05B}.Debug|Any CPU.ActiveCfg = Debug|Any CPU
		{DEECEBD1-B718-4504-BA93-126682A0F05B}.Debug|Any CPU.Build.0 = Debug|Any CPU
		{DEECEBD1-B718-4504-BA93-126682A0F05B}.Release|Any CPU.ActiveCfg = Release|Any CPU
		{DEECEBD1-B718-4504-BA93-126682A0F05B}.Release|Any CPU.Build.0 = Release|Any CPU
		{F2AF13C3-20DF-4269-8077-140BA4A51587}.Debug|Any CPU.ActiveCfg = Debug|Any CPU
		{F2AF13C3-20DF-4269-8077-140BA4A51587}.Debug|Any CPU.Build.0 = Debug|Any CPU
		{F2AF13C3-20DF-4269-8077-140BA4A51587}.Release|Any CPU.ActiveCfg = Release|Any CPU
		{F2AF13C3-20DF-4269-8077-140BA4A51587}.Release|Any CPU.Build.0 = Release|Any CPU
	EndGlobalSection
	GlobalSection(SolutionProperties) = preSolution
		HideSolutionNode = FALSE
	EndGlobalSection
	GlobalSection(ExtensibilityGlobals) = postSolution
		SolutionGuid = {21272A67-5585-4E4B-AE28-52AE241F3998}
	EndGlobalSection
EndGlobal
